# Prisma Migrate lockfile v1

20200724181653-init
20201020150717-add_more_tables
20201020170808-add_default_values_for_settings
20201020170949-add_optional_playground_settings
20201025091130-add-create-update-to-playground-settings
20201025115702-add-required-for-tuning
20201028163702-add_tab_table
20201028164900-add-track
20201028165545-change-track
20201101142221-remove-posts
20201105090710-add-username-field
20201105090918-made-username-required